
Microsoft Visual Studio Solution File, Format Version 12.00
# Visual Studio Version 16
VisualStudioVersion = 16.0.29509.3
MinimumVisualStudioVersion = 10.0.40219.1
Project("{FAE04EC0-301F-11D3-BF4B-00C04F79EFBC}") = "iteratie", "iteratie\iteratie.csproj", "{8546F0BE-D4F9-4DEC-9883-3A4DC7854A15}"
EndProject
Global
	GlobalSection(SolutionConfigurationPlatforms) = preSolution
		Debug|Any CPU = Debug|Any CPU
		Release|Any CPU = Release|Any CPU
	EndGlobalSection
	GlobalSection(ProjectConfigurationPlatforms) = postSolution
		{8546F0BE-D4F9-4DEC-9883-3A4DC7854A15}.Debug|Any CPU.ActiveCfg = Debug|Any CPU
		{8546F0BE-D4F9-4DEC-9883-3A4DC7854A15}.Debug|Any CPU.Build.0 = Debug|Any CPU
		{8546F0BE-D4F9-4DEC-9883-3A4DC7854A15}.Release|Any CPU.ActiveCfg = Release|Any CPU
		{8546F0BE-D4F9-4DEC-9883-3A4DC7854A15}.Release|Any CPU.Build.0 = Release|Any CPU
	EndGlobalSection
	GlobalSection(SolutionProperties) = preSolution
		HideSolutionNode = FALSE
	EndGlobalSection
	GlobalSection(ExtensibilityGlobals) = postSolution
		SolutionGuid = {BACC2473-3434-44FD-B034-B91A993288C5}
	EndGlobalSection
EndGlobal
